
Microsoft Visual Studio Solution File, Format Version 12.00
# Visual Studio Version 17
VisualStudioVersion = 17.6.33815.320
MinimumVisualStudioVersion = 10.0.40219.1
Project("{2150E333-8FDC-42A3-9474-1A3956D46DE8}") = "Singleton_Design_Pattern", "Singleton_Design_Pattern", "{B336A949-B66F-4749-A49B-7B1F006E519B}"
EndProject
Project("{9A19103F-16F7-4668-BE54-9A1E7A4F7556}") = "Console_SDB", "Console_SDB\Console_SDB.csproj", "{4C2BBE6B-A6FA-4AEF-ADFA-55E422FDC450}"
EndProject
Project("{9A19103F-16F7-4668-BE54-9A1E7A4F7556}") = "WebAPI", "WebAPI\WebAPI.csproj", "{6D6B7DF7-DF2B-4441-A6E1-1B18038F08EB}"
EndProject
Project("{9A19103F-16F7-4668-BE54-9A1E7A4F7556}") = "Asenkron_Ornegi", "Asenkron_Ornegi\Asenkron_Ornegi.csproj", "{B8ADDA48-658B-42DF-9F39-C2540A0F20D4}"
EndProject
Project("{54A90642-561A-4BB1-A94E-469ADEE60C69}") = "Singleton_Design_Pattern_Typscript", "Singleton_Design_Pattern_Typscript\Singleton_Design_Pattern_Typscript.esproj", "{43D90E4A-A761-4A67-B2B4-C55839D25E31}"
EndProject
Project("{2150E333-8FDC-42A3-9474-1A3956D46DE8}") = "Multiton_Design_Pattern", "Multiton_Design_Pattern", "{C1C4A380-9B95-4E15-B49A-DA765ABD843F}"
EndProject
Project("{FAE04EC0-301F-11D3-BF4B-00C04F79EFBC}") = "Console_MDP", "Multiton_Design_Pattern\Console_MDP\Console_MDP.csproj", "{5736D6AA-371F-4B8B-98CB-DAF80F9BE6E1}"
EndProject
Project("{54A90642-561A-4BB1-A94E-469ADEE60C69}") = "Typescript_with_MDP", "Multiton_Design_Pattern\Typescript_with_MDP\Typescript_with_MDP.esproj", "{61C68B4F-A4C9-4A2A-A6A6-417C43BEF6B0}"
EndProject
Project("{2150E333-8FDC-42A3-9474-1A3956D46DE8}") = "Factory_Design_Pattern", "Factory_Design_Pattern", "{529188F7-58C4-402A-8DDD-AD87AB509693}"
EndProject
Project("{FAE04EC0-301F-11D3-BF4B-00C04F79EFBC}") = "Console_FDP", "Factory_Design_Pattern\Console_FDP\Console_FDP.csproj", "{01C14582-3A72-4140-B504-A3808092DBA7}"
EndProject
Global
	GlobalSection(SolutionConfigurationPlatforms) = preSolution
		Debug|Any CPU = Debug|Any CPU
		Release|Any CPU = Release|Any CPU
	EndGlobalSection
	GlobalSection(ProjectConfigurationPlatforms) = postSolution
		{4C2BBE6B-A6FA-4AEF-ADFA-55E422FDC450}.Debug|Any CPU.ActiveCfg = Debug|Any CPU
		{4C2BBE6B-A6FA-4AEF-ADFA-55E422FDC450}.Debug|Any CPU.Build.0 = Debug|Any CPU
		{4C2BBE6B-A6FA-4AEF-ADFA-55E422FDC450}.Release|Any CPU.ActiveCfg = Release|Any CPU
		{4C2BBE6B-A6FA-4AEF-ADFA-55E422FDC450}.Release|Any CPU.Build.0 = Release|Any CPU
		{6D6B7DF7-DF2B-4441-A6E1-1B18038F08EB}.Debug|Any CPU.ActiveCfg = Debug|Any CPU
		{6D6B7DF7-DF2B-4441-A6E1-1B18038F08EB}.Debug|Any CPU.Build.0 = Debug|Any CPU
		{6D6B7DF7-DF2B-4441-A6E1-1B18038F08EB}.Release|Any CPU.ActiveCfg = Release|Any CPU
		{6D6B7DF7-DF2B-4441-A6E1-1B18038F08EB}.Release|Any CPU.Build.0 = Release|Any CPU
		{B8ADDA48-658B-42DF-9F39-C2540A0F20D4}.Debug|Any CPU.ActiveCfg = Debug|Any CPU
		{B8ADDA48-658B-42DF-9F39-C2540A0F20D4}.Debug|Any CPU.Build.0 = Debug|Any CPU
		{B8ADDA48-658B-42DF-9F39-C2540A0F20D4}.Release|Any CPU.ActiveCfg = Release|Any CPU
		{B8ADDA48-658B-42DF-9F39-C2540A0F20D4}.Release|Any CPU.Build.0 = Release|Any CPU
		{43D90E4A-A761-4A67-B2B4-C55839D25E31}.Debug|Any CPU.ActiveCfg = Debug|Any CPU
		{43D90E4A-A761-4A67-B2B4-C55839D25E31}.Debug|Any CPU.Build.0 = Debug|Any CPU
		{43D90E4A-A761-4A67-B2B4-C55839D25E31}.Debug|Any CPU.Deploy.0 = Debug|Any CPU
		{43D90E4A-A761-4A67-B2B4-C55839D25E31}.Release|Any CPU.ActiveCfg = Release|Any CPU
		{43D90E4A-A761-4A67-B2B4-C55839D25E31}.Release|Any CPU.Build.0 = Release|Any CPU
		{43D90E4A-A761-4A67-B2B4-C55839D25E31}.Release|Any CPU.Deploy.0 = Release|Any CPU
		{5736D6AA-371F-4B8B-98CB-DAF80F9BE6E1}.Debug|Any CPU.ActiveCfg = Debug|Any CPU
		{5736D6AA-371F-4B8B-98CB-DAF80F9BE6E1}.Debug|Any CPU.Build.0 = Debug|Any CPU
		{5736D6AA-371F-4B8B-98CB-DAF80F9BE6E1}.Release|Any CPU.ActiveCfg = Release|Any CPU
		{5736D6AA-371F-4B8B-98CB-DAF80F9BE6E1}.Release|Any CPU.Build.0 = Release|Any CPU
		{61C68B4F-A4C9-4A2A-A6A6-417C43BEF6B0}.Debug|Any CPU.ActiveCfg = Debug|Any CPU
		{61C68B4F-A4C9-4A2A-A6A6-417C43BEF6B0}.Debug|Any CPU.Build.0 = Debug|Any CPU
		{61C68B4F-A4C9-4A2A-A6A6-417C43BEF6B0}.Debug|Any CPU.Deploy.0 = Debug|Any CPU
		{61C68B4F-A4C9-4A2A-A6A6-417C43BEF6B0}.Release|Any CPU.ActiveCfg = Release|Any CPU
		{61C68B4F-A4C9-4A2A-A6A6-417C43BEF6B0}.Release|Any CPU.Build.0 = Release|Any CPU
		{61C68B4F-A4C9-4A2A-A6A6-417C43BEF6B0}.Release|Any CPU.Deploy.0 = Release|Any CPU
		{01C14582-3A72-4140-B504-A3808092DBA7}.Debug|Any CPU.ActiveCfg = Debug|Any CPU
		{01C14582-3A72-4140-B504-A3808092DBA7}.Debug|Any CPU.Build.0 = Debug|Any CPU
		{01C14582-3A72-4140-B504-A3808092DBA7}.Release|Any CPU.ActiveCfg = Release|Any CPU
		{01C14582-3A72-4140-B504-A3808092DBA7}.Release|Any CPU.Build.0 = Release|Any CPU
	EndGlobalSection
	GlobalSection(SolutionProperties) = preSolution
		HideSolutionNode = FALSE
	EndGlobalSection
	GlobalSection(NestedProjects) = preSolution
		{4C2BBE6B-A6FA-4AEF-ADFA-55E422FDC450} = {B336A949-B66F-4749-A49B-7B1F006E519B}
		{6D6B7DF7-DF2B-4441-A6E1-1B18038F08EB} = {B336A949-B66F-4749-A49B-7B1F006E519B}
		{B8ADDA48-658B-42DF-9F39-C2540A0F20D4} = {B336A949-B66F-4749-A49B-7B1F006E519B}
		{43D90E4A-A761-4A67-B2B4-C55839D25E31} = {B336A949-B66F-4749-A49B-7B1F006E519B}
		{5736D6AA-371F-4B8B-98CB-DAF80F9BE6E1} = {C1C4A380-9B95-4E15-B49A-DA765ABD843F}
		{61C68B4F-A4C9-4A2A-A6A6-417C43BEF6B0} = {C1C4A380-9B95-4E15-B49A-DA765ABD843F}
		{01C14582-3A72-4140-B504-A3808092DBA7} = {529188F7-58C4-402A-8DDD-AD87AB509693}
	EndGlobalSection
	GlobalSection(ExtensibilityGlobals) = postSolution
		SolutionGuid = {9451E8F3-0545-4164-9DE9-C4CF90818C58}
	EndGlobalSection
EndGlobal
